
Microsoft Visual Studio Solution File, Format Version 12.00
# Visual Studio Version 17
VisualStudioVersion = 17.9.34607.119
MinimumVisualStudioVersion = 10.0.40219.1
Project("{FAE04EC0-301F-11D3-BF4B-00C04F79EFBC}") = "demo_var1", "WindowsFormsApp\demo_var1.csproj", "{65930C64-435C-48B8-98E0-794B99637B80}"
EndProject
Project("{FAE04EC0-301F-11D3-BF4B-00C04F79EFBC}") = "UnitTestProject", "UnitTestProject\UnitTestProject.csproj", "{26DDBF50-4551-4FFE-A501-6F139948FD38}"
EndProject
Global
	GlobalSection(SolutionConfigurationPlatforms) = preSolution
		Debug|Any CPU = Debug|Any CPU
		Release|Any CPU = Release|Any CPU
	EndGlobalSection
	GlobalSection(ProjectConfigurationPlatforms) = postSolution
		{65930C64-435C-48B8-98E0-794B99637B80}.Debug|Any CPU.ActiveCfg = Debug|Any CPU
		{65930C64-435C-48B8-98E0-794B99637B80}.Debug|Any CPU.Build.0 = Debug|Any CPU
		{65930C64-435C-48B8-98E0-794B99637B80}.Release|Any CPU.ActiveCfg = Release|Any CPU
		{65930C64-435C-48B8-98E0-794B99637B80}.Release|Any CPU.Build.0 = Release|Any CPU
		{26DDBF50-4551-4FFE-A501-6F139948FD38}.Debug|Any CPU.ActiveCfg = Debug|Any CPU
		{26DDBF50-4551-4FFE-A501-6F139948FD38}.Debug|Any CPU.Build.0 = Debug|Any CPU
		{26DDBF50-4551-4FFE-A501-6F139948FD38}.Release|Any CPU.ActiveCfg = Release|Any CPU
		{26DDBF50-4551-4FFE-A501-6F139948FD38}.Release|Any CPU.Build.0 = Release|Any CPU
	EndGlobalSection
	GlobalSection(SolutionProperties) = preSolution
		HideSolutionNode = FALSE
	EndGlobalSection
	GlobalSection(ExtensibilityGlobals) = postSolution
		SolutionGuid = {F75FF974-25A5-4778-AF93-3D2FDF2BA8BB}
	EndGlobalSection
EndGlobal
